
Microsoft Visual Studio Solution File, Format Version 12.00
# Visual Studio Version 17
VisualStudioVersion = 17.1.32328.378
MinimumVisualStudioVersion = 10.0.40219.1
Project("{9A19103F-16F7-4668-BE54-9A1E7A4F7556}") = "UniversityDataBaseImplement", "DataBaseImplement\UniversityDataBaseImplement.csproj", "{68D16D94-8D93-4920-A3F2-7515BB331F18}"
EndProject
Project("{9A19103F-16F7-4668-BE54-9A1E7A4F7556}") = "UniversityBusinessLogic", "UniversityBusinessLogic\UniversityBusinessLogic.csproj", "{BDC23A6D-99E9-4C5B-975B-B244EFA11FA2}"
EndProject
Project("{9A19103F-16F7-4668-BE54-9A1E7A4F7556}") = "UniversityView", "UniversityView\UniversityView.csproj", "{E810C570-52C5-46CB-B127-B9D2FB446EAE}"
EndProject
Project("{9A19103F-16F7-4668-BE54-9A1E7A4F7556}") = "UniversityRestApi", "UniversityRestApi\UniversityRestApi.csproj", "{ED2BD08B-88C0-4E4E-ACAC-70513E17682D}"
EndProject
Project("{9A19103F-16F7-4668-BE54-9A1E7A4F7556}") = "UniversityDeaneryApp", "UniversityStudentApp\UniversityDeaneryApp.csproj", "{E24B9A19-8652-4820-948F-4B09548AD520}"
EndProject
Global
	GlobalSection(SolutionConfigurationPlatforms) = preSolution
		Debug|Any CPU = Debug|Any CPU
		Release|Any CPU = Release|Any CPU
	EndGlobalSection
	GlobalSection(ProjectConfigurationPlatforms) = postSolution
		{68D16D94-8D93-4920-A3F2-7515BB331F18}.Debug|Any CPU.ActiveCfg = Debug|Any CPU
		{68D16D94-8D93-4920-A3F2-7515BB331F18}.Debug|Any CPU.Build.0 = Debug|Any CPU
		{68D16D94-8D93-4920-A3F2-7515BB331F18}.Release|Any CPU.ActiveCfg = Release|Any CPU
		{68D16D94-8D93-4920-A3F2-7515BB331F18}.Release|Any CPU.Build.0 = Release|Any CPU
		{BDC23A6D-99E9-4C5B-975B-B244EFA11FA2}.Debug|Any CPU.ActiveCfg = Debug|Any CPU
		{BDC23A6D-99E9-4C5B-975B-B244EFA11FA2}.Debug|Any CPU.Build.0 = Debug|Any CPU
		{BDC23A6D-99E9-4C5B-975B-B244EFA11FA2}.Release|Any CPU.ActiveCfg = Release|Any CPU
		{BDC23A6D-99E9-4C5B-975B-B244EFA11FA2}.Release|Any CPU.Build.0 = Release|Any CPU
		{E810C570-52C5-46CB-B127-B9D2FB446EAE}.Debug|Any CPU.ActiveCfg = Debug|Any CPU
		{E810C570-52C5-46CB-B127-B9D2FB446EAE}.Debug|Any CPU.Build.0 = Debug|Any CPU
		{E810C570-52C5-46CB-B127-B9D2FB446EAE}.Release|Any CPU.ActiveCfg = Release|Any CPU
		{E810C570-52C5-46CB-B127-B9D2FB446EAE}.Release|Any CPU.Build.0 = Release|Any CPU
		{ED2BD08B-88C0-4E4E-ACAC-70513E17682D}.Debug|Any CPU.ActiveCfg = Debug|Any CPU
		{ED2BD08B-88C0-4E4E-ACAC-70513E17682D}.Debug|Any CPU.Build.0 = Debug|Any CPU
		{ED2BD08B-88C0-4E4E-ACAC-70513E17682D}.Release|Any CPU.ActiveCfg = Release|Any CPU
		{ED2BD08B-88C0-4E4E-ACAC-70513E17682D}.Release|Any CPU.Build.0 = Release|Any CPU
		{E24B9A19-8652-4820-948F-4B09548AD520}.Debug|Any CPU.ActiveCfg = Debug|Any CPU
		{E24B9A19-8652-4820-948F-4B09548AD520}.Debug|Any CPU.Build.0 = Debug|Any CPU
		{E24B9A19-8652-4820-948F-4B09548AD520}.Release|Any CPU.ActiveCfg = Release|Any CPU
		{E24B9A19-8652-4820-948F-4B09548AD520}.Release|Any CPU.Build.0 = Release|Any CPU
	EndGlobalSection
	GlobalSection(SolutionProperties) = preSolution
		HideSolutionNode = FALSE
	EndGlobalSection
	GlobalSection(ExtensibilityGlobals) = postSolution
		SolutionGuid = {515274D9-A471-4704-BC10-F7EFAD426076}
	EndGlobalSection
EndGlobal
